
Microsoft Visual Studio Solution File, Format Version 12.00
# Visual Studio Version 16
VisualStudioVersion = 16.0.31515.178
MinimumVisualStudioVersion = 10.0.40219.1
Project("{FAE04EC0-301F-11D3-BF4B-00C04F79EFBC}") = "WebApplication1", "WebApplication1\WebApplication1.csproj", "{6436BD2D-E59E-4D16-8AFB-EC2D3EA9BCF5}"
EndProject
Global
	GlobalSection(SolutionConfigurationPlatforms) = preSolution
		Debug|Any CPU = Debug|Any CPU
		Release|Any CPU = Release|Any CPU
	EndGlobalSection
	GlobalSection(ProjectConfigurationPlatforms) = postSolution
		{6436BD2D-E59E-4D16-8AFB-EC2D3EA9BCF5}.Debug|Any CPU.ActiveCfg = Debug|Any CPU
		{6436BD2D-E59E-4D16-8AFB-EC2D3EA9BCF5}.Debug|Any CPU.Build.0 = Debug|Any CPU
		{6436BD2D-E59E-4D16-8AFB-EC2D3EA9BCF5}.Release|Any CPU.ActiveCfg = Release|Any CPU
		{6436BD2D-E59E-4D16-8AFB-EC2D3EA9BCF5}.Release|Any CPU.Build.0 = Release|Any CPU
	EndGlobalSection
	GlobalSection(SolutionProperties) = preSolution
		HideSolutionNode = FALSE
	EndGlobalSection
	GlobalSection(ExtensibilityGlobals) = postSolution
		SolutionGuid = {9374228C-581A-4DC6-AB34-04015EE49D66}
	EndGlobalSection
EndGlobal
